# This file is autogenerated, do not edit; changes may be undone by the next 'dep ensure'.


[[projects]]
  digest = "1:f9ae348e1f793dcf9ed930ed47136a67343dbd6809c5c91391322267f4476892"
  name = "github.com/Microsoft/go-winio"
  packages = ["."]
  pruneopts = "UT"
  revision = "1a8911d1ed007260465c3bfbbc785ac6915a0bb8"
  version = "v0.4.12"

[[projects]]
  digest = "1:fd61cf4ae1953d55df708acb6b91492d538f49c305b364a014049914495db426"
  name = "github.com/Sirupsen/logrus"
  packages = ["."]
  pruneopts = "UT"
  revision = "8bdbc7bcc01dcbb8ec23dc8a28e332258d25251f"
  version = "v1.4.1"

[[projects]]
  digest = "1:a2e351b8e85822afdd707162c6adf37948b89379a6b6e8aa6817e53b528766b1"
  name = "github.com/coreos/go-systemd"
  packages = [
    "activation",
    "util",
  ]
  pruneopts = "UT"
  revision = "95778dfbb74eb7e4dbaf43bf7d71809650ef8076"
  version = "v19"

[[projects]]
  digest = "1:6e2ff82d2fe11ee35ec8dceb4346b8144a761f1c8655592c4ebe99a92fcec327"
  name = "github.com/coreos/pkg"
  packages = ["dlopen"]
  pruneopts = "UT"
  revision = "97fdf19511ea361ae1c100dd393cc47f8dcfa1e1"
  version = "v4"

[[projects]]
  digest = "1:e32d7615a24fdbff1de7eabb334aabfa2ac2f432d12121327aceceeaafed3be1"
  name = "github.com/docker/go-connections"
  packages = ["sockets"]
  pruneopts = "UT"
  revision = "acbe915fb57c37e7d1c0294b52bc8ef2a21c4731"

[[projects]]
  digest = "1:e8765ca640ac5f210d909afaf8be9731ca232c36143ee1739c72176e918500ce"
  name = "github.com/docker/go-plugins-helpers"
  packages = [
    "sdk",
    "volume",
  ]
  pruneopts = "UT"
  revision = "d7fc7d0aa1603cc47bb43e10a03ab50f4443c1b8"

[[projects]]
  branch = "master"
  digest = "1:f433da6fbabb0bd1bd730fd340782015c644123d02eb78c20c69ce03352daad1"
  name = "github.com/kardianos/osext"
  packages = ["."]
  pruneopts = "UT"
  revision = "2bc1f35cddc0cc527b4bc3dce8578fc2a6c11384"

[[projects]]
  digest = "1:31e761d97c76151dde79e9d28964a812c46efc5baee4085b86f68f0c654450de"
  name = "github.com/konsorten/go-windows-terminal-sequences"
  packages = ["."]
  pruneopts = "UT"
  revision = "f55edac94c9bbba5d6182a4be46d86a2c9b5b50e"
  version = "v1.0.2"

[[projects]]
  digest = "1:38ee335aedf4626620f3cf8f605661e71abdcce7b40b38921962beb3980f0a20"
  name = "github.com/opencontainers/runc"
  packages = ["libcontainer/user"]
  pruneopts = "UT"
  revision = "baf6536d6259209c3edfa2b22237af82942d3dfa"
  version = "v0.1.1"

[[projects]]
  digest = "1:ed369adf65d9c0c400885c0f257e4f39e9ce568d23145763ff1a552e3f10e89b"
  name = "github.com/sevlyar/go-daemon"
  packages = ["."]
  pruneopts = "UT"
  revision = "f9261e73885de99b1647d68bedadf2b9a99ad11f"
  version = "v0.1.4"

[[projects]]
  digest = "1:b24d38b282bacf9791408a080f606370efa3d364e4b5fd9ba0f7b87786d3b679"
  name = "github.com/urfave/cli"
  packages = ["."]
  pruneopts = "UT"
  revision = "cfb38830724cc34fedffe9a2a29fb54fa9169cd1"
  version = "v1.20.0"

[[projects]]
  branch = "master"
  digest = "1:2dc81953e31e2526079f658f2fbbd84c71849a863a44346b2961ddb071ba55d7"
  name = "golang.org/x/net"
  packages = [
    "internal/socks",
    "proxy",
  ]
  pruneopts = "UT"
  revision = "7f726cade0ab7c929c16ce0b5b25bd201e25f39f"

[[projects]]
  branch = "master"
  digest = "1:4cf0abce65ca9e0e906fdd0d76ad1dd1dcc94afe5901473cbc7f8d623cceabb4"
  name = "golang.org/x/sys"
  packages = [
    "unix",
    "windows",
  ]
  pruneopts = "UT"
  revision = "a43fa875dd822b81eb6d2ad538bc1f4caba169bd"

[solve-meta]
  analyzer-name = "dep"
  analyzer-version = 1
  input-imports = [
    "github.com/Sirupsen/logrus",
    "github.com/docker/go-plugins-helpers/volume",
    "github.com/sevlyar/go-daemon",
    "github.com/urfave/cli",
  ]
  solver-name = "gps-cdcl"
  solver-version = 1
